<?xml version="1.0" encoding="utf-8"?>
<Project ToolsVersion="4.0" xmlns="http://schemas.microsoft.com/developer/msbuild/2003">
  <ItemGroup>
    <Filter Include="2D">
      <UniqueIdentifier>{e1541f55-7a96-4f85-be8d-7e2265366180}</UniqueIdentifier>
    </Filter>
    <Filter Include="Header">
      <UniqueIdentifier>{9321b1da-7c0f-4491-8f17-c0d4aec6b883}</UniqueIdentifier>
    </Filter>
    <Filter Include="Debug">
      <UniqueIdentifier>{2606b591-6681-4161-8034-e89c8eca4615}</UniqueIdentifier>
    </Filter>
    <Filter Include="Effect">
      <UniqueIdentifier>{7ad630e9-eaed-4d10-812a-d2e1ff9eae98}</UniqueIdentifier>
    </Filter>
    <Filter Include="Target">
      <UniqueIdentifier>{95b786fe-050c-425c-94ab-8d857e5e3d9e}</UniqueIdentifier>
    </Filter>
  </ItemGroup>
  <ItemGroup>
    <FxCompile Include="ImageShader.fx">
      <Filter>2D</Filter>
    </FxCompile>
    <FxCompile Include="ColorShader.fx">
      <Filter>2D</Filter>
    </FxCompile>
    <FxCompile Include="ImageShaderInstanced.fx">
      <Filter>2D</Filter>
    </FxCompile>
    <FxCompile Include="DebugShader.fx">
      <Filter>Debug</Filter>
    </FxCompile>
    <FxCompile Include="BlurEffectShader.fx">
      <Filter>Effect</Filter>
    </FxCompile>
    <FxCompile Include="TargetCopyShader.fx">
      <Filter>Target</Filter>
    </FxCompile>
  </ItemGroup>
  <ItemGroup>
    <None Include="EngineVertex.hlsli">
      <Filter>Header</Filter>
    </None>
    <None Include="TransformData.hlsli">
      <Filter>Header</Filter>
    </None>
    <None Include="EngineShaderBase.hlsli">
      <Filter>Header</Filter>
    </None>
    <None Include="EngineTexture.hlsli">
      <Filter>Header</Filter>
    </None>
  </ItemGroup>
</Project>