<?xml version="1.0" encoding="utf-8"?>
<Project ToolsVersion="4.0" xmlns="http://schemas.microsoft.com/developer/msbuild/2003">
  <ItemGroup>
    <ClInclude Include="PreCompile.h">
      <Filter>PreCompile</Filter>
    </ClInclude>
    <ClInclude Include="ContentsCore.h">
      <Filter>Core</Filter>
    </ClInclude>
    <ClInclude Include="PlayGameMode.h">
      <Filter>PlayLevel</Filter>
    </ClInclude>
    <ClInclude Include="TitleLogo.h">
      <Filter>TitleLevel</Filter>
    </ClInclude>
    <ClInclude Include="TitleGameMode.h">
      <Filter>TitleLevel</Filter>
    </ClInclude>
    <ClInclude Include="ContentsEnum.h">
      <Filter>Option</Filter>
    </ClInclude>
    <ClInclude Include="ContentsConstValue.h">
      <Filter>Option</Filter>
    </ClInclude>
    <ClInclude Include="Back3.h">
      <Filter>PlayLevel\Map</Filter>
    </ClInclude>
    <ClInclude Include="Back2.h">
      <Filter>PlayLevel\Map</Filter>
    </ClInclude>
    <ClInclude Include="Sky.h">
      <Filter>PlayLevel\Map</Filter>
    </ClInclude>
    <ClInclude Include="Back1.h">
      <Filter>PlayLevel\Map</Filter>
    </ClInclude>
    <ClInclude Include="Back0.h">
      <Filter>PlayLevel\Map</Filter>
    </ClInclude>
    <ClInclude Include="Ground.h">
      <Filter>PlayLevel\Map</Filter>
    </ClInclude>
    <ClInclude Include="Back4.h">
      <Filter>PlayLevel\Map</Filter>
    </ClInclude>
    <ClInclude Include="TownCenter.h">
      <Filter>PlayLevel\Object\BuildingObject\Spot</Filter>
    </ClInclude>
    <ClInclude Include="Wall.h">
      <Filter>PlayLevel\Object\BuildingObject\Spot</Filter>
    </ClInclude>
    <ClInclude Include="Spot.h">
      <Filter>PlayLevel\Object\BuildingObject\Spot</Filter>
    </ClInclude>
    <ClInclude Include="Coin.h">
      <Filter>PlayLevel\Object\Other</Filter>
    </ClInclude>
    <ClInclude Include="Ground_Back.h">
      <Filter>PlayLevel\Map</Filter>
    </ClInclude>
    <ClInclude Include="Player.h">
      <Filter>PlayLevel\Actor\Player</Filter>
    </ClInclude>
    <ClInclude Include="Monster.h">
      <Filter>PlayLevel\Actor\Monster</Filter>
    </ClInclude>
    <ClInclude Include="Greedling.h">
      <Filter>PlayLevel\Actor\Monster</Filter>
    </ClInclude>
    <ClInclude Include="Floater.h">
      <Filter>PlayLevel\Actor\Monster</Filter>
    </ClInclude>
    <ClInclude Include="Breeder.h">
      <Filter>PlayLevel\Actor\Monster</Filter>
    </ClInclude>
    <ClInclude Include="NPC.h">
      <Filter>PlayLevel\Actor\NPC</Filter>
    </ClInclude>
    <ClInclude Include="Tower.h">
      <Filter>PlayLevel\Object\BuildingObject\Spot</Filter>
    </ClInclude>
    <ClInclude Include="MovingActor.h">
      <Filter>PlayLevel\Actor</Filter>
    </ClInclude>
    <ClInclude Include="ContentsTime.h">
      <Filter>Core</Filter>
    </ClInclude>
    <ClInclude Include="Vendor.h">
      <Filter>PlayLevel\Object\BuildingObject\Vendor</Filter>
    </ClInclude>
    <ClInclude Include="BowVendor.h">
      <Filter>PlayLevel\Object\BuildingObject\Vendor</Filter>
    </ClInclude>
    <ClInclude Include="HammerVendor.h">
      <Filter>PlayLevel\Object\BuildingObject\Vendor</Filter>
    </ClInclude>
    <ClInclude Include="BuildingObject.h">
      <Filter>PlayLevel\Object\BuildingObject</Filter>
    </ClInclude>
    <ClInclude Include="Tool.h">
      <Filter>PlayLevel\Object\Other</Filter>
    </ClInclude>
  </ItemGroup>
  <ItemGroup>
    <ClCompile Include="PreCompile.cpp">
      <Filter>PreCompile</Filter>
    </ClCompile>
    <ClCompile Include="ContentsCore.cpp">
      <Filter>Core</Filter>
    </ClCompile>
    <ClCompile Include="PlayGameMode.cpp">
      <Filter>PlayLevel</Filter>
    </ClCompile>
    <ClCompile Include="TitleLogo.cpp">
      <Filter>TitleLevel</Filter>
    </ClCompile>
    <ClCompile Include="TitleGameMode.cpp">
      <Filter>TitleLevel</Filter>
    </ClCompile>
    <ClCompile Include="ContentsConstValue.cpp">
      <Filter>Option</Filter>
    </ClCompile>
    <ClCompile Include="Back3.cpp">
      <Filter>PlayLevel\Map</Filter>
    </ClCompile>
    <ClCompile Include="Back2.cpp">
      <Filter>PlayLevel\Map</Filter>
    </ClCompile>
    <ClCompile Include="Sky.cpp">
      <Filter>PlayLevel\Map</Filter>
    </ClCompile>
    <ClCompile Include="Back1.cpp">
      <Filter>PlayLevel\Map</Filter>
    </ClCompile>
    <ClCompile Include="Back0.cpp">
      <Filter>PlayLevel\Map</Filter>
    </ClCompile>
    <ClCompile Include="Ground.cpp">
      <Filter>PlayLevel\Map</Filter>
    </ClCompile>
    <ClCompile Include="Back4.cpp">
      <Filter>PlayLevel\Map</Filter>
    </ClCompile>
    <ClCompile Include="TownCenter.cpp">
      <Filter>PlayLevel\Object\BuildingObject\Spot</Filter>
    </ClCompile>
    <ClCompile Include="Wall.cpp">
      <Filter>PlayLevel\Object\BuildingObject\Spot</Filter>
    </ClCompile>
    <ClCompile Include="Spot.cpp">
      <Filter>PlayLevel\Object\BuildingObject\Spot</Filter>
    </ClCompile>
    <ClCompile Include="Coin.cpp">
      <Filter>PlayLevel\Object\Other</Filter>
    </ClCompile>
    <ClCompile Include="Ground_Back.cpp">
      <Filter>PlayLevel\Map</Filter>
    </ClCompile>
    <ClCompile Include="Player.cpp">
      <Filter>PlayLevel\Actor\Player</Filter>
    </ClCompile>
    <ClCompile Include="Player_State.cpp">
      <Filter>PlayLevel\Actor\Player</Filter>
    </ClCompile>
    <ClCompile Include="Monster.cpp">
      <Filter>PlayLevel\Actor\Monster</Filter>
    </ClCompile>
    <ClCompile Include="Greedling.cpp">
      <Filter>PlayLevel\Actor\Monster</Filter>
    </ClCompile>
    <ClCompile Include="Floater.cpp">
      <Filter>PlayLevel\Actor\Monster</Filter>
    </ClCompile>
    <ClCompile Include="Breeder.cpp">
      <Filter>PlayLevel\Actor\Monster</Filter>
    </ClCompile>
    <ClCompile Include="NPC.cpp">
      <Filter>PlayLevel\Actor\NPC</Filter>
    </ClCompile>
    <ClCompile Include="Tower.cpp">
      <Filter>PlayLevel\Object\BuildingObject\Spot</Filter>
    </ClCompile>
    <ClCompile Include="MovingActor.cpp">
      <Filter>PlayLevel\Actor</Filter>
    </ClCompile>
    <ClCompile Include="ContentsTime.cpp">
      <Filter>Core</Filter>
    </ClCompile>
    <ClCompile Include="Vendor.cpp">
      <Filter>PlayLevel\Object\BuildingObject\Vendor</Filter>
    </ClCompile>
    <ClCompile Include="BowVendor.cpp">
      <Filter>PlayLevel\Object\BuildingObject\Vendor</Filter>
    </ClCompile>
    <ClCompile Include="HammerVendor.cpp">
      <Filter>PlayLevel\Object\BuildingObject\Vendor</Filter>
    </ClCompile>
    <ClCompile Include="BuildingObject.cpp">
      <Filter>PlayLevel\Object\BuildingObject</Filter>
    </ClCompile>
    <ClCompile Include="Tool.cpp">
      <Filter>PlayLevel\Object\Other</Filter>
    </ClCompile>
  </ItemGroup>
  <ItemGroup>
    <Filter Include="PreCompile">
      <UniqueIdentifier>{3ba1e389-29e5-47fa-ae0d-00807c5e129d}</UniqueIdentifier>
    </Filter>
    <Filter Include="Core">
      <UniqueIdentifier>{cebef509-928e-4040-8cac-62d686d7e361}</UniqueIdentifier>
    </Filter>
    <Filter Include="Option">
      <UniqueIdentifier>{749a2141-5991-4699-af2e-f0d917d31484}</UniqueIdentifier>
    </Filter>
    <Filter Include="PlayLevel">
      <UniqueIdentifier>{e3c5afe5-3e1d-4e41-a320-511c8e59947e}</UniqueIdentifier>
    </Filter>
    <Filter Include="PlayLevel\Map">
      <UniqueIdentifier>{59c0e95c-2f31-4705-afa3-e2bfc7d4b39b}</UniqueIdentifier>
    </Filter>
    <Filter Include="PlayLevel\Actor">
      <UniqueIdentifier>{01cd48cb-de3a-49c7-bf12-4a1a69d4e535}</UniqueIdentifier>
    </Filter>
    <Filter Include="PlayLevel\Object">
      <UniqueIdentifier>{63764a59-711c-42e9-8f96-d7db946c5374}</UniqueIdentifier>
    </Filter>
    <Filter Include="PlayLevel\Object\Other">
      <UniqueIdentifier>{8cb6e27b-083b-49fc-895c-c82f4e7cf8cf}</UniqueIdentifier>
    </Filter>
    <Filter Include="TitleLevel">
      <UniqueIdentifier>{71a32318-c34b-4791-abdf-873500f747a7}</UniqueIdentifier>
    </Filter>
    <Filter Include="PlayLevel\Actor\Player">
      <UniqueIdentifier>{766f42e2-1928-4efd-be0f-17d80914c44c}</UniqueIdentifier>
    </Filter>
    <Filter Include="PlayLevel\Actor\Monster">
      <UniqueIdentifier>{e7e208be-173d-4287-bf44-6c9c5183881f}</UniqueIdentifier>
    </Filter>
    <Filter Include="PlayLevel\Actor\NPC">
      <UniqueIdentifier>{205a124b-b717-4944-84cd-0cb6ed0f8a11}</UniqueIdentifier>
    </Filter>
    <Filter Include="PlayLevel\Object\BuildingObject">
      <UniqueIdentifier>{a91369e7-70cc-4564-8122-a617db724827}</UniqueIdentifier>
    </Filter>
    <Filter Include="PlayLevel\Object\BuildingObject\Spot">
      <UniqueIdentifier>{87a160ff-9743-4520-a4e7-5a36f9752902}</UniqueIdentifier>
    </Filter>
    <Filter Include="PlayLevel\Object\BuildingObject\Vendor">
      <UniqueIdentifier>{d1d64300-b397-41fb-82ef-9bb09f67882a}</UniqueIdentifier>
    </Filter>
  </ItemGroup>
</Project>