<?xml version="1.0" encoding="utf-8"?>
<Project ToolsVersion="4.0" xmlns="http://schemas.microsoft.com/developer/msbuild/2003">
  <ItemGroup>
    <ClCompile Include="main.cpp" />
    <ClCompile Include="PreCompile.cpp">
      <Filter>PreCompile</Filter>
    </ClCompile>
  </ItemGroup>
  <ItemGroup>
    <Filter Include="PreCompile">
      <UniqueIdentifier>{f279da22-2fea-4e12-9126-05348f338eed}</UniqueIdentifier>
    </Filter>
  </ItemGroup>
  <ItemGroup>
    <ClInclude Include="PreCompile.h">
      <Filter>PreCompile</Filter>
    </ClInclude>
  </ItemGroup>
  <ItemGroup>
    <None Include="..\Config\EngineOption.EData" />
  </ItemGroup>
</Project>