<?xml version="1.0" encoding="utf-8"?>
<Project ToolsVersion="4.0" xmlns="http://schemas.microsoft.com/developer/msbuild/2003">
  <ItemGroup>
    <ClInclude Include="PreCompile.h">
      <Filter>PreCompile</Filter>
    </ClInclude>
    <ClInclude Include="ContentsCore.h">
      <Filter>Core</Filter>
    </ClInclude>
    <ClInclude Include="PlayGameMode.h">
      <Filter>PlayLevel</Filter>
    </ClInclude>
    <ClInclude Include="Player.h">
      <Filter>PlayLevel</Filter>
    </ClInclude>
  </ItemGroup>
  <ItemGroup>
    <ClCompile Include="PreCompile.cpp">
      <Filter>PreCompile</Filter>
    </ClCompile>
    <ClCompile Include="ContentsCore.cpp">
      <Filter>Core</Filter>
    </ClCompile>
    <ClCompile Include="PlayGameMode.cpp">
      <Filter>PlayLevel</Filter>
    </ClCompile>
    <ClCompile Include="Player.cpp">
      <Filter>PlayLevel</Filter>
    </ClCompile>
  </ItemGroup>
  <ItemGroup>
    <Filter Include="PreCompile">
      <UniqueIdentifier>{3ba1e389-29e5-47fa-ae0d-00807c5e129d}</UniqueIdentifier>
    </Filter>
    <Filter Include="Core">
      <UniqueIdentifier>{cebef509-928e-4040-8cac-62d686d7e361}</UniqueIdentifier>
    </Filter>
    <Filter Include="PlayLevel">
      <UniqueIdentifier>{e3c5afe5-3e1d-4e41-a320-511c8e59947e}</UniqueIdentifier>
    </Filter>
  </ItemGroup>
</Project>