<?xml version="1.0" encoding="utf-8"?>
<Project ToolsVersion="4.0" xmlns="http://schemas.microsoft.com/developer/msbuild/2003">
  <ItemGroup>
    <ClInclude Include="PreCompile.h">
      <Filter>PreCompile</Filter>
    </ClInclude>
    <ClInclude Include="ContentsCore.h">
      <Filter>Core</Filter>
    </ClInclude>
    <ClInclude Include="PlayGameMode.h">
      <Filter>Level\PlayLevel</Filter>
    </ClInclude>
    <ClInclude Include="TitleLogo.h">
      <Filter>Level\TitleLevel</Filter>
    </ClInclude>
    <ClInclude Include="TitleGameMode.h">
      <Filter>Level\TitleLevel</Filter>
    </ClInclude>
    <ClInclude Include="ContentsEnum.h">
      <Filter>Option</Filter>
    </ClInclude>
    <ClInclude Include="ContentsConstValue.h">
      <Filter>Option</Filter>
    </ClInclude>
    <ClInclude Include="Back3.h">
      <Filter>Level\PlayLevel\Map</Filter>
    </ClInclude>
    <ClInclude Include="Back2.h">
      <Filter>Level\PlayLevel\Map</Filter>
    </ClInclude>
    <ClInclude Include="Sky.h">
      <Filter>Level\PlayLevel\Map</Filter>
    </ClInclude>
    <ClInclude Include="Back1.h">
      <Filter>Level\PlayLevel\Map</Filter>
    </ClInclude>
    <ClInclude Include="Back0.h">
      <Filter>Level\PlayLevel\Map</Filter>
    </ClInclude>
    <ClInclude Include="Ground.h">
      <Filter>Level\PlayLevel\Map</Filter>
    </ClInclude>
    <ClInclude Include="Monster.h">
      <Filter>Level\PlayLevel\Actor</Filter>
    </ClInclude>
    <ClInclude Include="Player.h">
      <Filter>Level\PlayLevel\Actor</Filter>
    </ClInclude>
    <ClInclude Include="Back4.h">
      <Filter>Level\PlayLevel\Map</Filter>
    </ClInclude>
    <ClInclude Include="TownCenter.h">
      <Filter>Level\PlayLevel\Object</Filter>
    </ClInclude>
    <ClInclude Include="Campfire.h">
      <Filter>Level\PlayLevel\Object</Filter>
    </ClInclude>
  </ItemGroup>
  <ItemGroup>
    <ClCompile Include="PreCompile.cpp">
      <Filter>PreCompile</Filter>
    </ClCompile>
    <ClCompile Include="ContentsCore.cpp">
      <Filter>Core</Filter>
    </ClCompile>
    <ClCompile Include="PlayGameMode.cpp">
      <Filter>Level\PlayLevel</Filter>
    </ClCompile>
    <ClCompile Include="TitleLogo.cpp">
      <Filter>Level\TitleLevel</Filter>
    </ClCompile>
    <ClCompile Include="TitleGameMode.cpp">
      <Filter>Level\TitleLevel</Filter>
    </ClCompile>
    <ClCompile Include="ContentsConstValue.cpp">
      <Filter>Option</Filter>
    </ClCompile>
    <ClCompile Include="Back3.cpp">
      <Filter>Level\PlayLevel\Map</Filter>
    </ClCompile>
    <ClCompile Include="Back2.cpp">
      <Filter>Level\PlayLevel\Map</Filter>
    </ClCompile>
    <ClCompile Include="Sky.cpp">
      <Filter>Level\PlayLevel\Map</Filter>
    </ClCompile>
    <ClCompile Include="Back1.cpp">
      <Filter>Level\PlayLevel\Map</Filter>
    </ClCompile>
    <ClCompile Include="Back0.cpp">
      <Filter>Level\PlayLevel\Map</Filter>
    </ClCompile>
    <ClCompile Include="Ground.cpp">
      <Filter>Level\PlayLevel\Map</Filter>
    </ClCompile>
    <ClCompile Include="Monster.cpp">
      <Filter>Level\PlayLevel\Actor</Filter>
    </ClCompile>
    <ClCompile Include="Player.cpp">
      <Filter>Level\PlayLevel\Actor</Filter>
    </ClCompile>
    <ClCompile Include="Player_State.cpp">
      <Filter>Level\PlayLevel\Actor</Filter>
    </ClCompile>
    <ClCompile Include="Back4.cpp">
      <Filter>Level\PlayLevel\Map</Filter>
    </ClCompile>
    <ClCompile Include="TownCenter.cpp">
      <Filter>Level\PlayLevel\Object</Filter>
    </ClCompile>
    <ClCompile Include="Campfire.cpp">
      <Filter>Level\PlayLevel\Object</Filter>
    </ClCompile>
  </ItemGroup>
  <ItemGroup>
    <Filter Include="PreCompile">
      <UniqueIdentifier>{3ba1e389-29e5-47fa-ae0d-00807c5e129d}</UniqueIdentifier>
    </Filter>
    <Filter Include="Core">
      <UniqueIdentifier>{cebef509-928e-4040-8cac-62d686d7e361}</UniqueIdentifier>
    </Filter>
    <Filter Include="Level">
      <UniqueIdentifier>{1c922ad2-cb8a-40f7-af1a-f7ddd38ce671}</UniqueIdentifier>
    </Filter>
    <Filter Include="Level\PlayLevel">
      <UniqueIdentifier>{e3c5afe5-3e1d-4e41-a320-511c8e59947e}</UniqueIdentifier>
    </Filter>
    <Filter Include="Level\TitleLevel">
      <UniqueIdentifier>{71a32318-c34b-4791-abdf-873500f747a7}</UniqueIdentifier>
    </Filter>
    <Filter Include="Option">
      <UniqueIdentifier>{749a2141-5991-4699-af2e-f0d917d31484}</UniqueIdentifier>
    </Filter>
    <Filter Include="Level\PlayLevel\Map">
      <UniqueIdentifier>{59c0e95c-2f31-4705-afa3-e2bfc7d4b39b}</UniqueIdentifier>
    </Filter>
    <Filter Include="Level\PlayLevel\Actor">
      <UniqueIdentifier>{01cd48cb-de3a-49c7-bf12-4a1a69d4e535}</UniqueIdentifier>
    </Filter>
    <Filter Include="Level\PlayLevel\Object">
      <UniqueIdentifier>{63764a59-711c-42e9-8f96-d7db946c5374}</UniqueIdentifier>
    </Filter>
  </ItemGroup>
</Project>